{
	"name": "npm-convict",
	"version": "1.0.0",
	"lockfileVersion": 3,
	"requires": true,
	"packages": {
		"": {
			"version": "1.0.0",
			"license": "ISC",
			"dependencies": {
				"convict": "^6.2.5"
			}
		},
		"node_modules/convict": {
			"version": "6.2.5",
			"resolved": "https://registry.npmjs.org/convict/-/convict-6.2.5.tgz",
			"integrity": "sha512-JtXpxqDqJ8P0UwEHwhxLzCIXQy97vlYBZR222Sbzb1q1Erex9ASrztJ29SyhWFQjod1AeFBaPzEEC8YvtZMIYg==",
			"license": "Apache-2.0",
			"dependencies": {
				"lodash.clonedeep": "^4.5.0",
				"yargs-parser": "^20.2.7"
			},
			"engines": {
				"node": ">=6"
			}
		},
		"node_modules/lodash.clonedeep": {
			"version": "4.5.0",
			"resolved": "https://registry.npmjs.org/lodash.clonedeep/-/lodash.clonedeep-4.5.0.tgz",
			"integrity": "sha1-4j8/nE+Pvd6HJSnBBxhXoIblzO8="
		},
		"node_modules/yargs-parser": {
			"version": "20.2.9",
			"resolved": "https://registry.npmjs.org/yargs-parser/-/yargs-parser-20.2.9.tgz",
			"integrity": "sha512-y11nGElTIV+CT3Zv9t7VKl+Q3hTQoT9a1Qzezhhl6Rp21gJ/IVTW7Z3y9EWXhuUBC2Shnf+DX0antecpAwSP8w==",
			"license": "ISC",
			"engines": {
				"node": ">=10"
			}
		}
	}
}
